
Microsoft Visual Studio Solution File, Format Version 12.00
# Visual Studio Version 16
VisualStudioVersion = 16.0.29001.49
MinimumVisualStudioVersion = 10.0.40219.1
Project("{FAE04EC0-301F-11D3-BF4B-00C04F79EFBC}") = "WindowsFormsApp", "WindowsFormsApp\WindowsFormsApp.csproj", "{214B54E1-5EFE-4EE5-A2D3-CEB507574985}"
EndProject
Global
	GlobalSection(SolutionConfigurationPlatforms) = preSolution
		Debug|Any CPU = Debug|Any CPU
		Release|Any CPU = Release|Any CPU
	EndGlobalSection
	GlobalSection(ProjectConfigurationPlatforms) = postSolution
		{214B54E1-5EFE-4EE5-A2D3-CEB507574985}.Debug|Any CPU.ActiveCfg = Debug|Any CPU
		{214B54E1-5EFE-4EE5-A2D3-CEB507574985}.Debug|Any CPU.Build.0 = Debug|Any CPU
		{214B54E1-5EFE-4EE5-A2D3-CEB507574985}.Release|Any CPU.ActiveCfg = Release|Any CPU
		{214B54E1-5EFE-4EE5-A2D3-CEB507574985}.Release|Any CPU.Build.0 = Release|Any CPU
	EndGlobalSection
	GlobalSection(SolutionProperties) = preSolution
		HideSolutionNode = FALSE
	EndGlobalSection
	GlobalSection(ExtensibilityGlobals) = postSolution
		SolutionGuid = {910CE351-0A0E-46E5-BF0E-B4FA56E90F53}
	EndGlobalSection
EndGlobal
